# This file is generated by running "yarn install" inside your project.
# Manual changes might be lost - proceed with caution!

__metadata:
  version: 6
  cacheKey: 8

"filepond-plugin-file-validate-size@npm:^2.2.5":
  version: 2.2.5
  resolution: "filepond-plugin-file-validate-size@npm:2.2.5"
  peerDependencies:
    filepond: ">=3.1.2 <5.x"
  checksum: 6978d45c7bc2bfe050566a0d808280ba2e73dc014c3e85041c31e58867d453ca9fd05ac07ac9839cc1ea96a1dc01b0a1c185459912770bfa37743b99a14d0dbd
  languageName: node
  linkType: hard

"filepond-plugin-file-validate-type@npm:^1.2.6":
  version: 1.2.6
  resolution: "filepond-plugin-file-validate-type@npm:1.2.6"
  peerDependencies:
    filepond: ">=1.x <5.x"
  checksum: 64fe521637f12ff6d6d0201f3c0d2b1c6c8d6e26e83c1e4da602763428624da18f2a7c68cdf517dd3155868c6ebac8015128bea5e2c7f92e008dfa27f08b1f40
  languageName: node
  linkType: hard

"filepond-test@workspace:.":
  version: 0.0.0-use.local
  resolution: "filepond-test@workspace:."
  dependencies:
    filepond: ^4.30.3
    filepond-plugin-file-validate-size: ^2.2.5
    filepond-plugin-file-validate-type: ^1.2.6
  languageName: unknown
  linkType: soft

"filepond@npm:^4.30.3":
  version: 4.30.3
  resolution: "filepond@npm:4.30.3"
  checksum: f351835beb6b496c9bc733e6fadd15546e2455cb673c8b94ecc4900ba2411edd000e3f2b4d7e8a62fd7cc24f7e7ca8b7e18e0b87c41067c39ba111bc733b0ef7
  languageName: node
  linkType: hard
